
Microsoft Visual Studio Solution File, Format Version 11.00
# Visual Studio 2010
Project("{8BC9CEB8-8B4A-11D0-8D11-00A0C91BC942}") = "vs2010-sln", "vs2010-sln.vcxproj", "{1DC9B44C-8B24-4566-8760-860FD4256512}"
EndProject
Global
	GlobalSection(SolutionConfigurationPlatforms) = preSolution
		Debug|Win32 = Debug|Win32
		Release|Win32 = Release|Win32
	EndGlobalSection
	GlobalSection(ProjectConfigurationPlatforms) = postSolution
		{1DC9B44C-8B24-4566-8760-860FD4256512}.Debug|Win32.ActiveCfg = Debug|Win32
		{1DC9B44C-8B24-4566-8760-860FD4256512}.Debug|Win32.Build.0 = Debug|Win32
		{1DC9B44C-8B24-4566-8760-860FD4256512}.Release|Win32.ActiveCfg = Release|Win32
		{1DC9B44C-8B24-4566-8760-860FD4256512}.Release|Win32.Build.0 = Release|Win32
	EndGlobalSection
	GlobalSection(SolutionProperties) = preSolution
		HideSolutionNode = FALSE
	EndGlobalSection
EndGlobal
